{
  "name": "a",
  "version": "4.0.1",
  "lockfileVersion": 3,
  "requires": true,
  "packages": {
    "": {
      "name": "a",
      "version": "4.0.0",
      "license": "MIT",
      "dependencies": {
        "a_mock": "^2.0.1"
      }
    },
    "node_modules/a_mock": {
      "version": "2.0.1",
      "resolved": "https://registry.npmjs.org/a_mock/-/a_mock-2.0.1.tgz",
      "integrity": "sha512-BlRGZJaoZqtrtm/eVOJkkZezMlZljujS0QswgbPR+PGyizxzbZw+yG69Uir3AR7caZrYwkJ7AiQZCmIWHi0keA=="
    }
  }
}
