{
  "name": "a",
  "version": "4.0.0",
  "lockfileVersion": 3,
  "requires": true,
  "packages": {
    "": {
      "name": "a",
      "version": "4.0.0",
      "license": "MIT",
      "dependencies": {
        "a_mock": "2.0.0"
      }
    },
    "node_modules/a_mock": {
      "version": "2.0.0",
      "resolved": "https://registry.npmjs.org/a_mock/-/a_mock-2.0.0.tgz",
      "integrity": "sha512-amKMMQOHkbGe3RF4fYh2VLRG5zbnhwwnsjt54P0TvRxlxV/1I9wOgPKN4frFTdDEb/vwMRPxuh6rlONsf3GGaw=="
    }
  }
}
